
Microsoft Visual Studio Solution File, Format Version 12.00
# Visual Studio Version 17
VisualStudioVersion = 17.14.36915.13 d17.14
MinimumVisualStudioVersion = 10.0.40219.1
Project("{FAE04EC0-301F-11D3-BF4B-00C04F79EFBC}") = "C# Bacis", "C# Bacis\C# Bacis.csproj", "{5CA8B3DE-3890-4589-BA12-9F8DDBF1188A}"
EndProject
Global
	GlobalSection(SolutionConfigurationPlatforms) = preSolution
		Debug|Any CPU = Debug|Any CPU
		Release|Any CPU = Release|Any CPU
	EndGlobalSection
	GlobalSection(ProjectConfigurationPlatforms) = postSolution
		{5CA8B3DE-3890-4589-BA12-9F8DDBF1188A}.Debug|Any CPU.ActiveCfg = Debug|Any CPU
		{5CA8B3DE-3890-4589-BA12-9F8DDBF1188A}.Debug|Any CPU.Build.0 = Debug|Any CPU
		{5CA8B3DE-3890-4589-BA12-9F8DDBF1188A}.Release|Any CPU.ActiveCfg = Release|Any CPU
		{5CA8B3DE-3890-4589-BA12-9F8DDBF1188A}.Release|Any CPU.Build.0 = Release|Any CPU
	EndGlobalSection
	GlobalSection(SolutionProperties) = preSolution
		HideSolutionNode = FALSE
	EndGlobalSection
	GlobalSection(ExtensibilityGlobals) = postSolution
		SolutionGuid = {A7957A78-6E37-4ADD-95CA-5BA20492D518}
	EndGlobalSection
EndGlobal
